
Microsoft Visual Studio Solution File, Format Version 12.00
# Visual Studio Version 17
VisualStudioVersion = 17.10.35013.160
MinimumVisualStudioVersion = 10.0.40219.1
Project("{FAE04EC0-301F-11D3-BF4B-00C04F79EFBC}") = "Screen-Sound-2-curso", "Screen-Sound-2-curso\Screen-Sound-2-curso.csproj", "{D379563D-BCA0-41C6-89F9-B4613952FD46}"
EndProject
Global
	GlobalSection(SolutionConfigurationPlatforms) = preSolution
		Debug|Any CPU = Debug|Any CPU
		Release|Any CPU = Release|Any CPU
	EndGlobalSection
	GlobalSection(ProjectConfigurationPlatforms) = postSolution
		{D379563D-BCA0-41C6-89F9-B4613952FD46}.Debug|Any CPU.ActiveCfg = Debug|Any CPU
		{D379563D-BCA0-41C6-89F9-B4613952FD46}.Debug|Any CPU.Build.0 = Debug|Any CPU
		{D379563D-BCA0-41C6-89F9-B4613952FD46}.Release|Any CPU.ActiveCfg = Release|Any CPU
		{D379563D-BCA0-41C6-89F9-B4613952FD46}.Release|Any CPU.Build.0 = Release|Any CPU
	EndGlobalSection
	GlobalSection(SolutionProperties) = preSolution
		HideSolutionNode = FALSE
	EndGlobalSection
	GlobalSection(ExtensibilityGlobals) = postSolution
		SolutionGuid = {EF72DBF3-1F85-4FFA-8C30-B1FE2B783A4D}
	EndGlobalSection
EndGlobal
